<?xml version="1.0" encoding="utf-8"?>
<Project ToolsVersion="4.0" xmlns="http://schemas.microsoft.com/developer/msbuild/2003">
  <ItemGroup>
    <Filter Include="include">
      <UniqueIdentifier>{a1b2c3d4-1111-4111-8111-111111111111}</UniqueIdentifier>
    </Filter>
    <Filter Include="include\platform">
      <UniqueIdentifier>{a1b2c3d4-2222-4222-8222-222222222222}</UniqueIdentifier>
    </Filter>
    <Filter Include="include\platform\win">
      <UniqueIdentifier>{a1b2c3d4-3333-4333-8333-333333333333}</UniqueIdentifier>
    </Filter>
    <Filter Include="src">
      <UniqueIdentifier>{4FC737F1-C7A5-4376-A066-2A32D752A2FF}</UniqueIdentifier>
    </Filter>
    <Filter Include="src\platform">
      <UniqueIdentifier>{a1b2c3d4-4444-4444-8444-444444444444}</UniqueIdentifier>
    </Filter>
    <Filter Include="src\platform\win">
      <UniqueIdentifier>{a1b2c3d4-5555-4555-8555-555555555555}</UniqueIdentifier>
    </Filter>
    <Filter Include="resources">
      <UniqueIdentifier>{67DA6AB6-F800-4c08-8B7A-83BB121AAD01}</UniqueIdentifier>
    </Filter>
  </ItemGroup>
  <ItemGroup>
    <ClInclude Include="include\framework.h">
      <Filter>include</Filter>
    </ClInclude>
    <ClInclude Include="include\MainApp.h">
      <Filter>include</Filter>
    </ClInclude>
    <ClInclude Include="include\Resource.h">
      <Filter>include</Filter>
    </ClInclude>
    <ClInclude Include="include\targetver.h">
      <Filter>include</Filter>
    </ClInclude>
    <ClInclude Include="include\CommonTypes.h">
      <Filter>include</Filter>
    </ClInclude>
    <ClInclude Include="include\ControllerClassification.h">
      <Filter>include</Filter>
    </ClInclude>
    <ClInclude Include="include\GamepadTypes.h">
      <Filter>include</Filter>
    </ClInclude>
    <ClInclude Include="include\InputCore.h">
      <Filter>include</Filter>
    </ClInclude>
    <ClInclude Include="include\VirtualInputMenuSample.h">
      <Filter>include</Filter>
    </ClInclude>
    <ClInclude Include="include\VirtualInputNeutral.h">
      <Filter>include</Filter>
    </ClInclude>
    <ClInclude Include="include\platform\win\WindowsAppShell.h">
      <Filter>include\platform\win</Filter>
    </ClInclude>
    <ClInclude Include="include\platform\win\WindowsDisplayBackend.h">
      <Filter>include\platform\win</Filter>
    </ClInclude>
    <ClInclude Include="include\platform\win\WindowsInputBackend.h">
      <Filter>include\platform\win</Filter>
    </ClInclude>
    <ClInclude Include="include\platform\win\WindowsRenderer.h">
      <Filter>include\platform\win</Filter>
    </ClInclude>
    <ClInclude Include="include\platform\win\Win32DebugOverlay.h">
      <Filter>include\platform\win</Filter>
    </ClInclude>
    <ClInclude Include="include\platform\win\Win32DebugOverlayLegacyStacked_internal.h">
      <Filter>include\platform\win</Filter>
    </ClInclude>
    <ClInclude Include="include\platform\win\Win32MainAppPaintDbg_shared_link.h">
      <Filter>include\platform\win</Filter>
    </ClInclude>
  </ItemGroup>
  <ItemGroup>
    <ClCompile Include="src\MainApp.cpp">
      <Filter>src</Filter>
    </ClCompile>
    <ClCompile Include="src\ControllerClassification.cpp">
      <Filter>src</Filter>
    </ClCompile>
    <ClCompile Include="src\VirtualInputNeutral.cpp">
      <Filter>src</Filter>
    </ClCompile>
    <ClCompile Include="src\platform\win\WindowsRenderer.cpp">
      <Filter>src\platform\win</Filter>
    </ClCompile>
    <ClCompile Include="src\platform\win\Win32DebugOverlay.cpp">
      <Filter>src\platform\win</Filter>
    </ClCompile>
    <ClCompile Include="src\platform\win\Win32DebugOverlayLegacyStacked.cpp">
      <Filter>src\platform\win</Filter>
    </ClCompile>
  </ItemGroup>
  <ItemGroup>
    <ResourceCompile Include="resources\MainApp.rc">
      <Filter>resources</Filter>
    </ResourceCompile>
  </ItemGroup>
  <ItemGroup>
    <Image Include="resources\MainApp.ico">
      <Filter>resources</Filter>
    </Image>
    <Image Include="resources\small.ico">
      <Filter>resources</Filter>
    </Image>
  </ItemGroup>
</Project>
